// !$*UTF8*$!
{
	archiveVersion = 1;
	classes = {
	};
	objectVersion = 46;
	objects = {

/* Begin PBXBuildFile section */
		EF1C9BD21B0E036A00D42989 /* readme.md in Resources */ = {isa = PBXBuildFile; fileRef = EF1C9BD01B0E036A00D42989 /* readme.md */; };
		EF1C9BD31B0E036A00D42989 /* readme.md in Resources */ = {isa = PBXBuildFile; fileRef = EF1C9BD01B0E036A00D42989 /* readme.md */; };
		EF1C9BD41B0E036A00D42989 /* indexgoodsview.js in Resources */ = {isa = PBXBuildFile; fileRef = EF1C9BD11B0E036A00D42989 /* indexgoodsview.js */; };
		EF1C9BD51B0E036A00D42989 /* indexgoodsview.js in Resources */ = {isa = PBXBuildFile; fileRef = EF1C9BD11B0E036A00D42989 /* indexgoodsview.js */; };
		EF70ECE91D35F5C1001793DB /* DataContent.js in Resources */ = {isa = PBXBuildFile; fileRef = EF70ECE71D35F5C1001793DB /* DataContent.js */; };
		EF70ECEA1D35F5C1001793DB /* ValueTest.html in Resources */ = {isa = PBXBuildFile; fileRef = EF70ECE81D35F5C1001793DB /* ValueTest.html */; };
		EF70ECEB1D35F5D3001793DB /* DataContent.js in Resources */ = {isa = PBXBuildFile; fileRef = EF70ECE71D35F5C1001793DB /* DataContent.js */; };
		EF70ECEC1D35F5D3001793DB /* ValueTest.html in Resources */ = {isa = PBXBuildFile; fileRef = EF70ECE81D35F5C1001793DB /* ValueTest.html */; };
		EF70ECEE1D362686001793DB /* ArrayTest.html in Resources */ = {isa = PBXBuildFile; fileRef = EF70ECED1D362686001793DB /* ArrayTest.html */; };
		EF70ECF01D3626D3001793DB /* ArrayData.js in Resources */ = {isa = PBXBuildFile; fileRef = EF70ECEF1D3626D3001793DB /* ArrayData.js */; };
		EF70ECF11D362FC1001793DB /* ArrayData.js in Resources */ = {isa = PBXBuildFile; fileRef = EF70ECEF1D3626D3001793DB /* ArrayData.js */; };
		EF70ECF21D362FC1001793DB /* ArrayTest.html in Resources */ = {isa = PBXBuildFile; fileRef = EF70ECED1D362686001793DB /* ArrayTest.html */; };
		EF70ECF51D36334D001793DB /* PipeData.js in Resources */ = {isa = PBXBuildFile; fileRef = EF70ECF31D36334D001793DB /* PipeData.js */; };
		EF70ECF61D36334D001793DB /* PipeData.js in Resources */ = {isa = PBXBuildFile; fileRef = EF70ECF31D36334D001793DB /* PipeData.js */; };
		EF70ECF71D36334D001793DB /* PipeTest.html in Resources */ = {isa = PBXBuildFile; fileRef = EF70ECF41D36334D001793DB /* PipeTest.html */; };
		EF70ECF81D36334D001793DB /* PipeTest.html in Resources */ = {isa = PBXBuildFile; fileRef = EF70ECF41D36334D001793DB /* PipeTest.html */; };
		EFB37AF11A5E2F1E00E03447 /* main.m in Sources */ = {isa = PBXBuildFile; fileRef = EFB37AF01A5E2F1E00E03447 /* main.m */; };
		EFB37AF41A5E2F1E00E03447 /* AppDelegate.m in Sources */ = {isa = PBXBuildFile; fileRef = EFB37AF31A5E2F1E00E03447 /* AppDelegate.m */; };
		EFB37AF71A5E2F1E00E03447 /* ViewController.m in Sources */ = {isa = PBXBuildFile; fileRef = EFB37AF61A5E2F1E00E03447 /* ViewController.m */; };
		EFB37AFA1A5E2F1E00E03447 /* Main.storyboard in Resources */ = {isa = PBXBuildFile; fileRef = EFB37AF81A5E2F1E00E03447 /* Main.storyboard */; };
		EFB37AFC1A5E2F1E00E03447 /* Images.xcassets in Resources */ = {isa = PBXBuildFile; fileRef = EFB37AFB1A5E2F1E00E03447 /* Images.xcassets */; };
		EFB37AFF1A5E2F1E00E03447 /* LaunchScreen.xib in Resources */ = {isa = PBXBuildFile; fileRef = EFB37AFD1A5E2F1E00E03447 /* LaunchScreen.xib */; };
		EFB37B0B1A5E2F1E00E03447 /* DataTestTests.m in Sources */ = {isa = PBXBuildFile; fileRef = EFB37B0A1A5E2F1E00E03447 /* DataTestTests.m */; };
		EFB37B1B1A601D0000E03447 /* WKMarkup.m in Sources */ = {isa = PBXBuildFile; fileRef = EFB37B1A1A601D0000E03447 /* WKMarkup.m */; };
		EFB37B1D1A60CD0500E03447 /* Foundation.framework in Frameworks */ = {isa = PBXBuildFile; fileRef = EFB37B1C1A60CD0400E03447 /* Foundation.framework */; };
		EFB37B201A62334700E03447 /* NestMarkPipe.m in Sources */ = {isa = PBXBuildFile; fileRef = EFB37B1F1A62334700E03447 /* NestMarkPipe.m */; };
		EFB37B291A67B28D00E03447 /* datajson.json in Resources */ = {isa = PBXBuildFile; fileRef = EFB37B271A67B28D00E03447 /* datajson.json */; };
		EFB37B2A1A67B28D00E03447 /* modeljson.json in Resources */ = {isa = PBXBuildFile; fileRef = EFB37B281A67B28D00E03447 /* modeljson.json */; };
		EFB37B2B1A67B2C600E03447 /* datajson.json in Resources */ = {isa = PBXBuildFile; fileRef = EFB37B271A67B28D00E03447 /* datajson.json */; };
		EFB37B2C1A67B2C600E03447 /* modeljson.json in Resources */ = {isa = PBXBuildFile; fileRef = EFB37B281A67B28D00E03447 /* modeljson.json */; };
/* End PBXBuildFile section */

/* Begin PBXContainerItemProxy section */
		EFB37B051A5E2F1E00E03447 /* PBXContainerItemProxy */ = {
			isa = PBXContainerItemProxy;
			containerPortal = EFB37AE31A5E2F1E00E03447 /* Project object */;
			proxyType = 1;
			remoteGlobalIDString = EFB37AEA1A5E2F1E00E03447;
			remoteInfo = DataTest;
		};
/* End PBXContainerItemProxy section */

/* Begin PBXFileReference section */
		EF1C9BD01B0E036A00D42989 /* readme.md */ = {isa = PBXFileReference; fileEncoding = 4; lastKnownFileType = net.daringfireball.markdown; path = readme.md; sourceTree = "<group>"; };
		EF1C9BD11B0E036A00D42989 /* indexgoodsview.js */ = {isa = PBXFileReference; fileEncoding = 4; lastKnownFileType = sourcecode.javascript; path = indexgoodsview.js; sourceTree = "<group>"; };
		EF70ECE71D35F5C1001793DB /* DataContent.js */ = {isa = PBXFileReference; fileEncoding = 4; lastKnownFileType = sourcecode.javascript; path = DataContent.js; sourceTree = "<group>"; };
		EF70ECE81D35F5C1001793DB /* ValueTest.html */ = {isa = PBXFileReference; fileEncoding = 4; lastKnownFileType = text.html; path = ValueTest.html; sourceTree = "<group>"; };
		EF70ECED1D362686001793DB /* ArrayTest.html */ = {isa = PBXFileReference; fileEncoding = 4; lastKnownFileType = text.html; path = ArrayTest.html; sourceTree = "<group>"; };
		EF70ECEF1D3626D3001793DB /* ArrayData.js */ = {isa = PBXFileReference; fileEncoding = 4; lastKnownFileType = sourcecode.javascript; path = ArrayData.js; sourceTree = "<group>"; };
		EF70ECF31D36334D001793DB /* PipeData.js */ = {isa = PBXFileReference; fileEncoding = 4; lastKnownFileType = sourcecode.javascript; path = PipeData.js; sourceTree = "<group>"; };
		EF70ECF41D36334D001793DB /* PipeTest.html */ = {isa = PBXFileReference; fileEncoding = 4; lastKnownFileType = text.html; path = PipeTest.html; sourceTree = "<group>"; };
		EFB37AEB1A5E2F1E00E03447 /* DataTest.app */ = {isa = PBXFileReference; explicitFileType = wrapper.application; includeInIndex = 0; path = DataTest.app; sourceTree = BUILT_PRODUCTS_DIR; };
		EFB37AEF1A5E2F1E00E03447 /* Info.plist */ = {isa = PBXFileReference; lastKnownFileType = text.plist.xml; path = Info.plist; sourceTree = "<group>"; };
		EFB37AF01A5E2F1E00E03447 /* main.m */ = {isa = PBXFileReference; lastKnownFileType = sourcecode.c.objc; path = main.m; sourceTree = "<group>"; };
		EFB37AF21A5E2F1E00E03447 /* AppDelegate.h */ = {isa = PBXFileReference; lastKnownFileType = sourcecode.c.h; path = AppDelegate.h; sourceTree = "<group>"; };
		EFB37AF31A5E2F1E00E03447 /* AppDelegate.m */ = {isa = PBXFileReference; lastKnownFileType = sourcecode.c.objc; path = AppDelegate.m; sourceTree = "<group>"; };
		EFB37AF51A5E2F1E00E03447 /* ViewController.h */ = {isa = PBXFileReference; lastKnownFileType = sourcecode.c.h; path = ViewController.h; sourceTree = "<group>"; };
		EFB37AF61A5E2F1E00E03447 /* ViewController.m */ = {isa = PBXFileReference; lastKnownFileType = sourcecode.c.objc; path = ViewController.m; sourceTree = "<group>"; };
		EFB37AF91A5E2F1E00E03447 /* Base */ = {isa = PBXFileReference; lastKnownFileType = file.storyboard; name = Base; path = Base.lproj/Main.storyboard; sourceTree = "<group>"; };
		EFB37AFB1A5E2F1E00E03447 /* Images.xcassets */ = {isa = PBXFileReference; lastKnownFileType = folder.assetcatalog; path = Images.xcassets; sourceTree = "<group>"; };
		EFB37AFE1A5E2F1E00E03447 /* Base */ = {isa = PBXFileReference; lastKnownFileType = file.xib; name = Base; path = Base.lproj/LaunchScreen.xib; sourceTree = "<group>"; };
		EFB37B041A5E2F1E00E03447 /* DataTestTests.xctest */ = {isa = PBXFileReference; explicitFileType = wrapper.cfbundle; includeInIndex = 0; path = DataTestTests.xctest; sourceTree = BUILT_PRODUCTS_DIR; };
		EFB37B091A5E2F1E00E03447 /* Info.plist */ = {isa = PBXFileReference; lastKnownFileType = text.plist.xml; path = Info.plist; sourceTree = "<group>"; };
		EFB37B0A1A5E2F1E00E03447 /* DataTestTests.m */ = {isa = PBXFileReference; lastKnownFileType = sourcecode.c.objc; path = DataTestTests.m; sourceTree = "<group>"; };
		EFB37B191A601D0000E03447 /* WKMarkup.h */ = {isa = PBXFileReference; fileEncoding = 4; lastKnownFileType = sourcecode.c.h; path = WKMarkup.h; sourceTree = "<group>"; };
		EFB37B1A1A601D0000E03447 /* WKMarkup.m */ = {isa = PBXFileReference; fileEncoding = 4; lastKnownFileType = sourcecode.c.objc; path = WKMarkup.m; sourceTree = "<group>"; };
		EFB37B1C1A60CD0400E03447 /* Foundation.framework */ = {isa = PBXFileReference; lastKnownFileType = wrapper.framework; name = Foundation.framework; path = System/Library/Frameworks/Foundation.framework; sourceTree = SDKROOT; };
		EFB37B1E1A62334700E03447 /* NestMarkPipe.h */ = {isa = PBXFileReference; fileEncoding = 4; lastKnownFileType = sourcecode.c.h; path = NestMarkPipe.h; sourceTree = "<group>"; };
		EFB37B1F1A62334700E03447 /* NestMarkPipe.m */ = {isa = PBXFileReference; fileEncoding = 4; lastKnownFileType = sourcecode.c.objc; path = NestMarkPipe.m; sourceTree = "<group>"; };
		EFB37B271A67B28D00E03447 /* datajson.json */ = {isa = PBXFileReference; fileEncoding = 4; lastKnownFileType = text.json; path = datajson.json; sourceTree = "<group>"; };
		EFB37B281A67B28D00E03447 /* modeljson.json */ = {isa = PBXFileReference; fileEncoding = 4; lastKnownFileType = text.json; path = modeljson.json; sourceTree = "<group>"; };
/* End PBXFileReference section */

/* Begin PBXFrameworksBuildPhase section */
		EFB37AE81A5E2F1E00E03447 /* Frameworks */ = {
			isa = PBXFrameworksBuildPhase;
			buildActionMask = 2147483647;
			files = (
				EFB37B1D1A60CD0500E03447 /* Foundation.framework in Frameworks */,
			);
			runOnlyForDeploymentPostprocessing = 0;
		};
		EFB37B011A5E2F1E00E03447 /* Frameworks */ = {
			isa = PBXFrameworksBuildPhase;
			buildActionMask = 2147483647;
			files = (
			);
			runOnlyForDeploymentPostprocessing = 0;
		};
/* End PBXFrameworksBuildPhase section */

/* Begin PBXGroup section */
		EFB37AE21A5E2F1E00E03447 = {
			isa = PBXGroup;
			children = (
				EFB37B1C1A60CD0400E03447 /* Foundation.framework */,
				EFB37AED1A5E2F1E00E03447 /* DataTest */,
				EFB37B071A5E2F1E00E03447 /* DataTestTests */,
				EFB37AEC1A5E2F1E00E03447 /* Products */,
			);
			sourceTree = "<group>";
		};
		EFB37AEC1A5E2F1E00E03447 /* Products */ = {
			isa = PBXGroup;
			children = (
				EFB37AEB1A5E2F1E00E03447 /* DataTest.app */,
				EFB37B041A5E2F1E00E03447 /* DataTestTests.xctest */,
			);
			name = Products;
			sourceTree = "<group>";
		};
		EFB37AED1A5E2F1E00E03447 /* DataTest */ = {
			isa = PBXGroup;
			children = (
				EFB37AF21A5E2F1E00E03447 /* AppDelegate.h */,
				EFB37AF31A5E2F1E00E03447 /* AppDelegate.m */,
				EFB37AF51A5E2F1E00E03447 /* ViewController.h */,
				EFB37AF61A5E2F1E00E03447 /* ViewController.m */,
				EFB37AF81A5E2F1E00E03447 /* Main.storyboard */,
				EFB37AFB1A5E2F1E00E03447 /* Images.xcassets */,
				EFB37AFD1A5E2F1E00E03447 /* LaunchScreen.xib */,
				EFB37AEE1A5E2F1E00E03447 /* Supporting Files */,
			);
			path = DataTest;
			sourceTree = "<group>";
		};
		EFB37AEE1A5E2F1E00E03447 /* Supporting Files */ = {
			isa = PBXGroup;
			children = (
				EFB37AEF1A5E2F1E00E03447 /* Info.plist */,
				EFB37AF01A5E2F1E00E03447 /* main.m */,
				EFB37B191A601D0000E03447 /* WKMarkup.h */,
				EFB37B1A1A601D0000E03447 /* WKMarkup.m */,
				EFB37B1E1A62334700E03447 /* NestMarkPipe.h */,
				EFB37B1F1A62334700E03447 /* NestMarkPipe.m */,
			);
			name = "Supporting Files";
			sourceTree = "<group>";
		};
		EFB37B071A5E2F1E00E03447 /* DataTestTests */ = {
			isa = PBXGroup;
			children = (
				EFB37B0A1A5E2F1E00E03447 /* DataTestTests.m */,
				EFB37B081A5E2F1E00E03447 /* Supporting Files */,
			);
			path = DataTestTests;
			sourceTree = "<group>";
		};
		EFB37B081A5E2F1E00E03447 /* Supporting Files */ = {
			isa = PBXGroup;
			children = (
				EF70ECF31D36334D001793DB /* PipeData.js */,
				EF70ECF41D36334D001793DB /* PipeTest.html */,
				EF70ECEF1D3626D3001793DB /* ArrayData.js */,
				EF70ECED1D362686001793DB /* ArrayTest.html */,
				EF70ECE71D35F5C1001793DB /* DataContent.js */,
				EF70ECE81D35F5C1001793DB /* ValueTest.html */,
				EF1C9BD01B0E036A00D42989 /* readme.md */,
				EF1C9BD11B0E036A00D42989 /* indexgoodsview.js */,
				EFB37B271A67B28D00E03447 /* datajson.json */,
				EFB37B281A67B28D00E03447 /* modeljson.json */,
				EFB37B091A5E2F1E00E03447 /* Info.plist */,
			);
			name = "Supporting Files";
			sourceTree = "<group>";
		};
/* End PBXGroup section */

/* Begin PBXNativeTarget section */
		EFB37AEA1A5E2F1E00E03447 /* DataTest */ = {
			isa = PBXNativeTarget;
			buildConfigurationList = EFB37B0E1A5E2F1E00E03447 /* Build configuration list for PBXNativeTarget "DataTest" */;
			buildPhases = (
				EFB37AE71A5E2F1E00E03447 /* Sources */,
				EFB37AE81A5E2F1E00E03447 /* Frameworks */,
				EFB37AE91A5E2F1E00E03447 /* Resources */,
			);
			buildRules = (
			);
			dependencies = (
			);
			name = DataTest;
			productName = DataTest;
			productReference = EFB37AEB1A5E2F1E00E03447 /* DataTest.app */;
			productType = "com.apple.product-type.application";
		};
		EFB37B031A5E2F1E00E03447 /* DataTestTests */ = {
			isa = PBXNativeTarget;
			buildConfigurationList = EFB37B111A5E2F1E00E03447 /* Build configuration list for PBXNativeTarget "DataTestTests" */;
			buildPhases = (
				EFB37B001A5E2F1E00E03447 /* Sources */,
				EFB37B011A5E2F1E00E03447 /* Frameworks */,
				EFB37B021A5E2F1E00E03447 /* Resources */,
			);
			buildRules = (
			);
			dependencies = (
				EFB37B061A5E2F1E00E03447 /* PBXTargetDependency */,
			);
			name = DataTestTests;
			productName = DataTestTests;
			productReference = EFB37B041A5E2F1E00E03447 /* DataTestTests.xctest */;
			productType = "com.apple.product-type.bundle.unit-test";
		};
/* End PBXNativeTarget section */

/* Begin PBXProject section */
		EFB37AE31A5E2F1E00E03447 /* Project object */ = {
			isa = PBXProject;
			attributes = {
				LastUpgradeCheck = 0610;
				ORGANIZATIONNAME = hesanyuan;
				TargetAttributes = {
					EFB37AEA1A5E2F1E00E03447 = {
						CreatedOnToolsVersion = 6.1.1;
						DevelopmentTeam = 7YD7E43H67;
						DevelopmentTeamName = "Sanyuan He (Personal Team)";
					};
					EFB37B031A5E2F1E00E03447 = {
						CreatedOnToolsVersion = 6.1.1;
						TestTargetID = EFB37AEA1A5E2F1E00E03447;
					};
				};
			};
			buildConfigurationList = EFB37AE61A5E2F1E00E03447 /* Build configuration list for PBXProject "DataTest" */;
			compatibilityVersion = "Xcode 3.2";
			developmentRegion = English;
			hasScannedForEncodings = 0;
			knownRegions = (
				en,
				Base,
			);
			mainGroup = EFB37AE21A5E2F1E00E03447;
			productRefGroup = EFB37AEC1A5E2F1E00E03447 /* Products */;
			projectDirPath = "";
			projectRoot = "";
			targets = (
				EFB37AEA1A5E2F1E00E03447 /* DataTest */,
				EFB37B031A5E2F1E00E03447 /* DataTestTests */,
			);
		};
/* End PBXProject section */

/* Begin PBXResourcesBuildPhase section */
		EFB37AE91A5E2F1E00E03447 /* Resources */ = {
			isa = PBXResourcesBuildPhase;
			buildActionMask = 2147483647;
			files = (
				EF70ECF11D362FC1001793DB /* ArrayData.js in Resources */,
				EF70ECF21D362FC1001793DB /* ArrayTest.html in Resources */,
				EF70ECEB1D35F5D3001793DB /* DataContent.js in Resources */,
				EF70ECEC1D35F5D3001793DB /* ValueTest.html in Resources */,
				EFB37B2B1A67B2C600E03447 /* datajson.json in Resources */,
				EFB37B2C1A67B2C600E03447 /* modeljson.json in Resources */,
				EF70ECF51D36334D001793DB /* PipeData.js in Resources */,
				EF1C9BD21B0E036A00D42989 /* readme.md in Resources */,
				EF1C9BD41B0E036A00D42989 /* indexgoodsview.js in Resources */,
				EFB37AFA1A5E2F1E00E03447 /* Main.storyboard in Resources */,
				EFB37AFF1A5E2F1E00E03447 /* LaunchScreen.xib in Resources */,
				EFB37AFC1A5E2F1E00E03447 /* Images.xcassets in Resources */,
				EF70ECF71D36334D001793DB /* PipeTest.html in Resources */,
			);
			runOnlyForDeploymentPostprocessing = 0;
		};
		EFB37B021A5E2F1E00E03447 /* Resources */ = {
			isa = PBXResourcesBuildPhase;
			buildActionMask = 2147483647;
			files = (
				EF70ECF61D36334D001793DB /* PipeData.js in Resources */,
				EF70ECE91D35F5C1001793DB /* DataContent.js in Resources */,
				EFB37B2A1A67B28D00E03447 /* modeljson.json in Resources */,
				EF70ECEE1D362686001793DB /* ArrayTest.html in Resources */,
				EFB37B291A67B28D00E03447 /* datajson.json in Resources */,
				EF1C9BD31B0E036A00D42989 /* readme.md in Resources */,
				EF70ECF81D36334D001793DB /* PipeTest.html in Resources */,
				EF70ECEA1D35F5C1001793DB /* ValueTest.html in Resources */,
				EF70ECF01D3626D3001793DB /* ArrayData.js in Resources */,
				EF1C9BD51B0E036A00D42989 /* indexgoodsview.js in Resources */,
			);
			runOnlyForDeploymentPostprocessing = 0;
		};
/* End PBXResourcesBuildPhase section */

/* Begin PBXSourcesBuildPhase section */
		EFB37AE71A5E2F1E00E03447 /* Sources */ = {
			isa = PBXSourcesBuildPhase;
			buildActionMask = 2147483647;
			files = (
				EFB37AF71A5E2F1E00E03447 /* ViewController.m in Sources */,
				EFB37B1B1A601D0000E03447 /* WKMarkup.m in Sources */,
				EFB37AF41A5E2F1E00E03447 /* AppDelegate.m in Sources */,
				EFB37AF11A5E2F1E00E03447 /* main.m in Sources */,
				EFB37B201A62334700E03447 /* NestMarkPipe.m in Sources */,
			);
			runOnlyForDeploymentPostprocessing = 0;
		};
		EFB37B001A5E2F1E00E03447 /* Sources */ = {
			isa = PBXSourcesBuildPhase;
			buildActionMask = 2147483647;
			files = (
				EFB37B0B1A5E2F1E00E03447 /* DataTestTests.m in Sources */,
			);
			runOnlyForDeploymentPostprocessing = 0;
		};
/* End PBXSourcesBuildPhase section */

/* Begin PBXTargetDependency section */
		EFB37B061A5E2F1E00E03447 /* PBXTargetDependency */ = {
			isa = PBXTargetDependency;
			target = EFB37AEA1A5E2F1E00E03447 /* DataTest */;
			targetProxy = EFB37B051A5E2F1E00E03447 /* PBXContainerItemProxy */;
		};
/* End PBXTargetDependency section */

/* Begin PBXVariantGroup section */
		EFB37AF81A5E2F1E00E03447 /* Main.storyboard */ = {
			isa = PBXVariantGroup;
			children = (
				EFB37AF91A5E2F1E00E03447 /* Base */,
			);
			name = Main.storyboard;
			sourceTree = "<group>";
		};
		EFB37AFD1A5E2F1E00E03447 /* LaunchScreen.xib */ = {
			isa = PBXVariantGroup;
			children = (
				EFB37AFE1A5E2F1E00E03447 /* Base */,
			);
			name = LaunchScreen.xib;
			sourceTree = "<group>";
		};
/* End PBXVariantGroup section */

/* Begin XCBuildConfiguration section */
		EFB37B0C1A5E2F1E00E03447 /* Debug */ = {
			isa = XCBuildConfiguration;
			buildSettings = {
				ALWAYS_SEARCH_USER_PATHS = NO;
				CLANG_CXX_LANGUAGE_STANDARD = "gnu++0x";
				CLANG_CXX_LIBRARY = "libc++";
				CLANG_ENABLE_MODULES = YES;
				CLANG_ENABLE_OBJC_ARC = YES;
				CLANG_WARN_BOOL_CONVERSION = YES;
				CLANG_WARN_CONSTANT_CONVERSION = YES;
				CLANG_WARN_DIRECT_OBJC_ISA_USAGE = YES_ERROR;
				CLANG_WARN_EMPTY_BODY = YES;
				CLANG_WARN_ENUM_CONVERSION = YES;
				CLANG_WARN_INT_CONVERSION = YES;
				CLANG_WARN_OBJC_ROOT_CLASS = YES_ERROR;
				CLANG_WARN_UNREACHABLE_CODE = YES;
				CLANG_WARN__DUPLICATE_METHOD_MATCH = YES;
				"CODE_SIGN_IDENTITY[sdk=iphoneos*]" = "iPhone Developer";
				COPY_PHASE_STRIP = NO;
				ENABLE_STRICT_OBJC_MSGSEND = YES;
				GCC_C_LANGUAGE_STANDARD = gnu99;
				GCC_DYNAMIC_NO_PIC = NO;
				GCC_OPTIMIZATION_LEVEL = 0;
				GCC_PREPROCESSOR_DEFINITIONS = (
					"DEBUG=1",
					"$(inherited)",
				);
				GCC_SYMBOLS_PRIVATE_EXTERN = NO;
				GCC_WARN_64_TO_32_BIT_CONVERSION = YES;
				GCC_WARN_ABOUT_RETURN_TYPE = YES_ERROR;
				GCC_WARN_UNDECLARED_SELECTOR = YES;
				GCC_WARN_UNINITIALIZED_AUTOS = YES_AGGRESSIVE;
				GCC_WARN_UNUSED_FUNCTION = YES;
				GCC_WARN_UNUSED_VARIABLE = YES;
				IPHONEOS_DEPLOYMENT_TARGET = 8.1;
				MTL_ENABLE_DEBUG_INFO = YES;
				ONLY_ACTIVE_ARCH = YES;
				SDKROOT = iphoneos;
			};
			name = Debug;
		};
		EFB37B0D1A5E2F1E00E03447 /* Release */ = {
			isa = XCBuildConfiguration;
			buildSettings = {
				ALWAYS_SEARCH_USER_PATHS = NO;
				CLANG_CXX_LANGUAGE_STANDARD = "gnu++0x";
				CLANG_CXX_LIBRARY = "libc++";
				CLANG_ENABLE_MODULES = YES;
				CLANG_ENABLE_OBJC_ARC = YES;
				CLANG_WARN_BOOL_CONVERSION = YES;
				CLANG_WARN_CONSTANT_CONVERSION = YES;
				CLANG_WARN_DIRECT_OBJC_ISA_USAGE = YES_ERROR;
				CLANG_WARN_EMPTY_BODY = YES;
				CLANG_WARN_ENUM_CONVERSION = YES;
				CLANG_WARN_INT_CONVERSION = YES;
				CLANG_WARN_OBJC_ROOT_CLASS = YES_ERROR;
				CLANG_WARN_UNREACHABLE_CODE = YES;
				CLANG_WARN__DUPLICATE_METHOD_MATCH = YES;
				"CODE_SIGN_IDENTITY[sdk=iphoneos*]" = "iPhone Developer";
				COPY_PHASE_STRIP = YES;
				ENABLE_NS_ASSERTIONS = NO;
				ENABLE_STRICT_OBJC_MSGSEND = YES;
				GCC_C_LANGUAGE_STANDARD = gnu99;
				GCC_WARN_64_TO_32_BIT_CONVERSION = YES;
				GCC_WARN_ABOUT_RETURN_TYPE = YES_ERROR;
				GCC_WARN_UNDECLARED_SELECTOR = YES;
				GCC_WARN_UNINITIALIZED_AUTOS = YES_AGGRESSIVE;
				GCC_WARN_UNUSED_FUNCTION = YES;
				GCC_WARN_UNUSED_VARIABLE = YES;
				IPHONEOS_DEPLOYMENT_TARGET = 8.1;
				MTL_ENABLE_DEBUG_INFO = NO;
				SDKROOT = iphoneos;
				VALIDATE_PRODUCT = YES;
			};
			name = Release;
		};
		EFB37B0F1A5E2F1E00E03447 /* Debug */ = {
			isa = XCBuildConfiguration;
			buildSettings = {
				ASSETCATALOG_COMPILER_APPICON_NAME = AppIcon;
				INFOPLIST_FILE = DataTest/Info.plist;
				IPHONEOS_DEPLOYMENT_TARGET = 7.0;
				LD_RUNPATH_SEARCH_PATHS = "$(inherited) @executable_path/Frameworks";
				PRODUCT_NAME = "$(TARGET_NAME)";
			};
			name = Debug;
		};
		EFB37B101A5E2F1E00E03447 /* Release */ = {
			isa = XCBuildConfiguration;
			buildSettings = {
				ASSETCATALOG_COMPILER_APPICON_NAME = AppIcon;
				INFOPLIST_FILE = DataTest/Info.plist;
				IPHONEOS_DEPLOYMENT_TARGET = 7.0;
				LD_RUNPATH_SEARCH_PATHS = "$(inherited) @executable_path/Frameworks";
				PRODUCT_NAME = "$(TARGET_NAME)";
			};
			name = Release;
		};
		EFB37B121A5E2F1E00E03447 /* Debug */ = {
			isa = XCBuildConfiguration;
			buildSettings = {
				BUNDLE_LOADER = "$(TEST_HOST)";
				FRAMEWORK_SEARCH_PATHS = (
					"$(SDKROOT)/Developer/Library/Frameworks",
					"$(inherited)",
				);
				GCC_PREPROCESSOR_DEFINITIONS = (
					"DEBUG=1",
					"$(inherited)",
				);
				INFOPLIST_FILE = DataTestTests/Info.plist;
				LD_RUNPATH_SEARCH_PATHS = "$(inherited) @executable_path/Frameworks @loader_path/Frameworks";
				PRODUCT_NAME = "$(TARGET_NAME)";
				TEST_HOST = "$(BUILT_PRODUCTS_DIR)/DataTest.app/DataTest";
			};
			name = Debug;
		};
		EFB37B131A5E2F1E00E03447 /* Release */ = {
			isa = XCBuildConfiguration;
			buildSettings = {
				BUNDLE_LOADER = "$(TEST_HOST)";
				FRAMEWORK_SEARCH_PATHS = (
					"$(SDKROOT)/Developer/Library/Frameworks",
					"$(inherited)",
				);
				INFOPLIST_FILE = DataTestTests/Info.plist;
				LD_RUNPATH_SEARCH_PATHS = "$(inherited) @executable_path/Frameworks @loader_path/Frameworks";
				PRODUCT_NAME = "$(TARGET_NAME)";
				TEST_HOST = "$(BUILT_PRODUCTS_DIR)/DataTest.app/DataTest";
			};
			name = Release;
		};
/* End XCBuildConfiguration section */

/* Begin XCConfigurationList section */
		EFB37AE61A5E2F1E00E03447 /* Build configuration list for PBXProject "DataTest" */ = {
			isa = XCConfigurationList;
			buildConfigurations = (
				EFB37B0C1A5E2F1E00E03447 /* Debug */,
				EFB37B0D1A5E2F1E00E03447 /* Release */,
			);
			defaultConfigurationIsVisible = 0;
			defaultConfigurationName = Release;
		};
		EFB37B0E1A5E2F1E00E03447 /* Build configuration list for PBXNativeTarget "DataTest" */ = {
			isa = XCConfigurationList;
			buildConfigurations = (
				EFB37B0F1A5E2F1E00E03447 /* Debug */,
				EFB37B101A5E2F1E00E03447 /* Release */,
			);
			defaultConfigurationIsVisible = 0;
			defaultConfigurationName = Release;
		};
		EFB37B111A5E2F1E00E03447 /* Build configuration list for PBXNativeTarget "DataTestTests" */ = {
			isa = XCConfigurationList;
			buildConfigurations = (
				EFB37B121A5E2F1E00E03447 /* Debug */,
				EFB37B131A5E2F1E00E03447 /* Release */,
			);
			defaultConfigurationIsVisible = 0;
			defaultConfigurationName = Release;
		};
/* End XCConfigurationList section */
	};
	rootObject = EFB37AE31A5E2F1E00E03447 /* Project object */;
}
